
Microsoft Visual Studio Solution File, Format Version 12.00
# Visual Studio Version 17
VisualStudioVersion = 17.4.33403.182
MinimumVisualStudioVersion = 10.0.40219.1
Project("{FAE04EC0-301F-11D3-BF4B-00C04F79EFBC}") = "DragDrop", "DragDrop\DragDrop.csproj", "{943BF05E-F0A3-4B4A-A702-6D3BA1D38C16}"
EndProject
Project("{FAE04EC0-301F-11D3-BF4B-00C04F79EFBC}") = "SampleApp", "SampleApp\SampleApp.csproj", "{D9898DBC-753C-47C9-8A6A-FCE53EFE5AD2}"
EndProject
Global
	GlobalSection(SolutionConfigurationPlatforms) = preSolution
		Debug|Any CPU = Debug|Any CPU
		Release|Any CPU = Release|Any CPU
	EndGlobalSection
	GlobalSection(ProjectConfigurationPlatforms) = postSolution
		{943BF05E-F0A3-4B4A-A702-6D3BA1D38C16}.Debug|Any CPU.ActiveCfg = Debug|Any CPU
		{943BF05E-F0A3-4B4A-A702-6D3BA1D38C16}.Debug|Any CPU.Build.0 = Debug|Any CPU
		{943BF05E-F0A3-4B4A-A702-6D3BA1D38C16}.Release|Any CPU.ActiveCfg = Release|Any CPU
		{943BF05E-F0A3-4B4A-A702-6D3BA1D38C16}.Release|Any CPU.Build.0 = Release|Any CPU
		{D9898DBC-753C-47C9-8A6A-FCE53EFE5AD2}.Debug|Any CPU.ActiveCfg = Debug|Any CPU
		{D9898DBC-753C-47C9-8A6A-FCE53EFE5AD2}.Debug|Any CPU.Build.0 = Debug|Any CPU
		{D9898DBC-753C-47C9-8A6A-FCE53EFE5AD2}.Release|Any CPU.ActiveCfg = Release|Any CPU
		{D9898DBC-753C-47C9-8A6A-FCE53EFE5AD2}.Release|Any CPU.Build.0 = Release|Any CPU
	EndGlobalSection
	GlobalSection(SolutionProperties) = preSolution
		HideSolutionNode = FALSE
	EndGlobalSection
	GlobalSection(ExtensibilityGlobals) = postSolution
		SolutionGuid = {E6DD6B41-0920-4069-AA94-D0E942EC0686}
	EndGlobalSection
EndGlobal
